Microsoft Visual Studio Solution File, Format Version 12.00
Project("{FAE04EC0-301F-11D3-BF4B-00C04F79EFBC}") = "DigitalPortfolio.API", "DigitalPortfolio.API/DigitalPortfolio.API.csproj", "{ACFBC365-9793-4DCC-8D0F-08C46BE8A860}"
EndProject
Global
	GlobalSection(SolutionConfigurationPlatforms) = preSolution
		Debug|Any CPU = Debug|Any CPU
		Release|Any CPU = Release|Any CPU
	EndGlobalSection
	GlobalSection(ProjectConfigurationPlatforms) = postSolution
		{ACFBC365-9793-4DCC-8D0F-08C46BE8A860}.Debug|Any CPU.ActiveCfg = Debug|Any CPU
		{ACFBC365-9793-4DCC-8D0F-08C46BE8A860}.Debug|Any CPU.Build.0 = Debug|Any CPU
		{ACFBC365-9793-4DCC-8D0F-08C46BE8A860}.Release|Any CPU.ActiveCfg = Release|Any CPU
		{ACFBC365-9793-4DCC-8D0F-08C46BE8A860}.Release|Any CPU.Build.0 = Release|Any CPU
	EndGlobalSection
EndGlobal
